
Microsoft Visual Studio Solution File, Format Version 12.00
# Visual Studio Version 16
VisualStudioVersion = 16.0.30225.117
MinimumVisualStudioVersion = 10.0.40219.1
Project("{FAE04EC0-301F-11D3-BF4B-00C04F79EFBC}") = "QuickStop.Client", "QuickStop.Client\QuickStop.Client.csproj", "{A88D7EE3-1ADF-4189-A755-0F01F479EC29}"
EndProject
Project("{FAE04EC0-301F-11D3-BF4B-00C04F79EFBC}") = "QuickStop.Domain", "QuickStop.Domain\QuickStop.Domain.csproj", "{C7296C34-5340-4F0C-8D35-B7FAD9984209}"
EndProject
Project("{FAE04EC0-301F-11D3-BF4B-00C04F79EFBC}") = "QuickStop.Infrastructure", "QuickStop.Infrastructure\QuickStop.Infrastructure.csproj", "{0F9C723F-9832-4480-A701-8C3C6FBE60C7}"
EndProject
Project("{FAE04EC0-301F-11D3-BF4B-00C04F79EFBC}") = "QuickStop.Console", "QuickStop.Console\QuickStop.Console.csproj", "{9B470665-5B96-4B07-BC31-52749C7C11FD}"
EndProject
Project("{FAE04EC0-301F-11D3-BF4B-00C04F79EFBC}") = "QuickStop.Components", "QuickStop.Components\QuickStop.Components.csproj", "{49001BEE-EF7A-4D93-89AB-C99312909F33}"
EndProject
Global
	GlobalSection(SolutionConfigurationPlatforms) = preSolution
		Debug|Any CPU = Debug|Any CPU
		Release|Any CPU = Release|Any CPU
	EndGlobalSection
	GlobalSection(ProjectConfigurationPlatforms) = postSolution
		{A88D7EE3-1ADF-4189-A755-0F01F479EC29}.Debug|Any CPU.ActiveCfg = Debug|Any CPU
		{A88D7EE3-1ADF-4189-A755-0F01F479EC29}.Debug|Any CPU.Build.0 = Debug|Any CPU
		{A88D7EE3-1ADF-4189-A755-0F01F479EC29}.Release|Any CPU.ActiveCfg = Release|Any CPU
		{A88D7EE3-1ADF-4189-A755-0F01F479EC29}.Release|Any CPU.Build.0 = Release|Any CPU
		{C7296C34-5340-4F0C-8D35-B7FAD9984209}.Debug|Any CPU.ActiveCfg = Debug|Any CPU
		{C7296C34-5340-4F0C-8D35-B7FAD9984209}.Debug|Any CPU.Build.0 = Debug|Any CPU
		{C7296C34-5340-4F0C-8D35-B7FAD9984209}.Release|Any CPU.ActiveCfg = Release|Any CPU
		{C7296C34-5340-4F0C-8D35-B7FAD9984209}.Release|Any CPU.Build.0 = Release|Any CPU
		{0F9C723F-9832-4480-A701-8C3C6FBE60C7}.Debug|Any CPU.ActiveCfg = Debug|Any CPU
		{0F9C723F-9832-4480-A701-8C3C6FBE60C7}.Debug|Any CPU.Build.0 = Debug|Any CPU
		{0F9C723F-9832-4480-A701-8C3C6FBE60C7}.Release|Any CPU.ActiveCfg = Release|Any CPU
		{0F9C723F-9832-4480-A701-8C3C6FBE60C7}.Release|Any CPU.Build.0 = Release|Any CPU
		{9B470665-5B96-4B07-BC31-52749C7C11FD}.Debug|Any CPU.ActiveCfg = Debug|Any CPU
		{9B470665-5B96-4B07-BC31-52749C7C11FD}.Debug|Any CPU.Build.0 = Debug|Any CPU
		{9B470665-5B96-4B07-BC31-52749C7C11FD}.Release|Any CPU.ActiveCfg = Release|Any CPU
		{9B470665-5B96-4B07-BC31-52749C7C11FD}.Release|Any CPU.Build.0 = Release|Any CPU
		{49001BEE-EF7A-4D93-89AB-C99312909F33}.Debug|Any CPU.ActiveCfg = Debug|Any CPU
		{49001BEE-EF7A-4D93-89AB-C99312909F33}.Debug|Any CPU.Build.0 = Debug|Any CPU
		{49001BEE-EF7A-4D93-89AB-C99312909F33}.Release|Any CPU.ActiveCfg = Release|Any CPU
		{49001BEE-EF7A-4D93-89AB-C99312909F33}.Release|Any CPU.Build.0 = Release|Any CPU
	EndGlobalSection
	GlobalSection(SolutionProperties) = preSolution
		HideSolutionNode = FALSE
	EndGlobalSection
	GlobalSection(ExtensibilityGlobals) = postSolution
		SolutionGuid = {BD927B11-C320-44F0-A966-60E65DA46267}
	EndGlobalSection
EndGlobal
